// !$*UTF8*$!
{
	archiveVersion = 1;
	classes = {
	};
	objectVersion = 46;
	objects = {

/* Begin PBXBuildFile section */
		71743F9267A14522851EB5A0 /* libPods.a in Frameworks */ = {isa = PBXBuildFile; fileRef = F738D0E9E5974AFBAD644AE2 /* libPods.a */; };
		FA11CFC6160D0F2500784223 /* Default-568h@2x.png in Resources */ = {isa = PBXBuildFile; fileRef = FA11CFC5160D0F2500784223 /* Default-568h@2x.png */; };
		FAAE21E015F92FEA001ECDA1 /* UIKit.framework in Frameworks */ = {isa = PBXBuildFile; fileRef = FAAE21DF15F92FEA001ECDA1 /* UIKit.framework */; };
		FAAE21E215F92FEA001ECDA1 /* Foundation.framework in Frameworks */ = {isa = PBXBuildFile; fileRef = FAAE21E115F92FEA001ECDA1 /* Foundation.framework */; };
		FAAE21E415F92FEA001ECDA1 /* CoreGraphics.framework in Frameworks */ = {isa = PBXBuildFile; fileRef = FAAE21E315F92FEA001ECDA1 /* CoreGraphics.framework */; };
		FAAE21EA15F92FEA001ECDA1 /* InfoPlist.strings in Resources */ = {isa = PBXBuildFile; fileRef = FAAE21E815F92FEA001ECDA1 /* InfoPlist.strings */; };
		FAAE21EC15F92FEA001ECDA1 /* main.m in Sources */ = {isa = PBXBuildFile; fileRef = FAAE21EB15F92FEA001ECDA1 /* main.m */; };
		FAAE21F015F92FEA001ECDA1 /* AppDelegate.m in Sources */ = {isa = PBXBuildFile; fileRef = FAAE21EF15F92FEA001ECDA1 /* AppDelegate.m */; };
		FAAE21F315F92FEA001ECDA1 /* ViewController.m in Sources */ = {isa = PBXBuildFile; fileRef = FAAE21F215F92FEA001ECDA1 /* ViewController.m */; };
		FAAE21F615F92FEA001ECDA1 /* ViewController_iPhone.xib in Resources */ = {isa = PBXBuildFile; fileRef = FAAE21F415F92FEA001ECDA1 /* ViewController_iPhone.xib */; };
		FAAE21F915F92FEB001ECDA1 /* ViewController_iPad.xib in Resources */ = {isa = PBXBuildFile; fileRef = FAAE21F715F92FEA001ECDA1 /* ViewController_iPad.xib */; };
		FAAF7F5119146F7700D1FE4C /* libz.dylib in Frameworks */ = {isa = PBXBuildFile; fileRef = FAAF7F5019146F7700D1FE4C /* libz.dylib */; };
		FADB48A1177177DD0016B36F /* SnowShoe.m in Sources */ = {isa = PBXBuildFile; fileRef = FADB489C177177C50016B36F /* SnowShoe.m */; };
		FADB48A2177177E50016B36F /* SnowShoe.xib in Resources */ = {isa = PBXBuildFile; fileRef = FADB489D177177C50016B36F /* SnowShoe.xib */; };
		FADB48A3177177E50016B36F /* stamp.png in Resources */ = {isa = PBXBuildFile; fileRef = FADB489E177177C50016B36F /* stamp.png */; };
/* End PBXBuildFile section */

/* Begin PBXFileReference section */
		9ED1C0D12CFB458DA6A09FF5 /* Pods.xcconfig */ = {isa = PBXFileReference; includeInIndex = 1; lastKnownFileType = text.xcconfig; name = Pods.xcconfig; path = Pods/Pods.xcconfig; sourceTree = "<group>"; };
		F738D0E9E5974AFBAD644AE2 /* libPods.a */ = {isa = PBXFileReference; explicitFileType = archive.ar; includeInIndex = 0; path = libPods.a; sourceTree = BUILT_PRODUCTS_DIR; };
		FA11CFC5160D0F2500784223 /* Default-568h@2x.png */ = {isa = PBXFileReference; lastKnownFileType = image.png; name = "Default-568h@2x.png"; path = "../Default-568h@2x.png"; sourceTree = "<group>"; };
		FAAE21DB15F92FEA001ECDA1 /* SimpleExample.app */ = {isa = PBXFileReference; explicitFileType = wrapper.application; includeInIndex = 0; path = SimpleExample.app; sourceTree = BUILT_PRODUCTS_DIR; };
		FAAE21DF15F92FEA001ECDA1 /* UIKit.framework */ = {isa = PBXFileReference; lastKnownFileType = wrapper.framework; name = UIKit.framework; path = System/Library/Frameworks/UIKit.framework; sourceTree = SDKROOT; };
		FAAE21E115F92FEA001ECDA1 /* Foundation.framework */ = {isa = PBXFileReference; lastKnownFileType = wrapper.framework; name = Foundation.framework; path = System/Library/Frameworks/Foundation.framework; sourceTree = SDKROOT; };
		FAAE21E315F92FEA001ECDA1 /* CoreGraphics.framework */ = {isa = PBXFileReference; lastKnownFileType = wrapper.framework; name = CoreGraphics.framework; path = System/Library/Frameworks/CoreGraphics.framework; sourceTree = SDKROOT; };
		FAAE21E715F92FEA001ECDA1 /* SimpleExample-Info.plist */ = {isa = PBXFileReference; lastKnownFileType = text.plist.xml; path = "SimpleExample-Info.plist"; sourceTree = "<group>"; };
		FAAE21E915F92FEA001ECDA1 /* en */ = {isa = PBXFileReference; lastKnownFileType = text.plist.strings; name = en; path = en.lproj/InfoPlist.strings; sourceTree = "<group>"; };
		FAAE21EB15F92FEA001ECDA1 /* main.m */ = {isa = PBXFileReference; lastKnownFileType = sourcecode.c.objc; path = main.m; sourceTree = "<group>"; };
		FAAE21ED15F92FEA001ECDA1 /* SimpleExample-Prefix.pch */ = {isa = PBXFileReference; lastKnownFileType = sourcecode.c.h; path = "SimpleExample-Prefix.pch"; sourceTree = "<group>"; };
		FAAE21EE15F92FEA001ECDA1 /* AppDelegate.h */ = {isa = PBXFileReference; lastKnownFileType = sourcecode.c.h; path = AppDelegate.h; sourceTree = "<group>"; };
		FAAE21EF15F92FEA001ECDA1 /* AppDelegate.m */ = {isa = PBXFileReference; lastKnownFileType = sourcecode.c.objc; path = AppDelegate.m; sourceTree = "<group>"; };
		FAAE21F115F92FEA001ECDA1 /* ViewController.h */ = {isa = PBXFileReference; lastKnownFileType = sourcecode.c.h; path = ViewController.h; sourceTree = "<group>"; };
		FAAE21F215F92FEA001ECDA1 /* ViewController.m */ = {isa = PBXFileReference; lastKnownFileType = sourcecode.c.objc; path = ViewController.m; sourceTree = "<group>"; };
		FAAE21F515F92FEA001ECDA1 /* en */ = {isa = PBXFileReference; lastKnownFileType = file.xib; name = en; path = en.lproj/ViewController_iPhone.xib; sourceTree = "<group>"; };
		FAAE21F815F92FEB001ECDA1 /* en */ = {isa = PBXFileReference; lastKnownFileType = file.xib; name = en; path = en.lproj/ViewController_iPad.xib; sourceTree = "<group>"; };
		FAAF7F4A19146E0500D1FE4C /* libPods-gtm-oauth.a */ = {isa = PBXFileReference; lastKnownFileType = archive.ar; name = "libPods-gtm-oauth.a"; path = "Pods/build/Debug-iphoneos/libPods-gtm-oauth.a"; sourceTree = "<group>"; };
		FAAF7F4C19146E0B00D1FE4C /* libPods.a */ = {isa = PBXFileReference; lastKnownFileType = archive.ar; name = libPods.a; path = "Pods/build/Debug-iphoneos/libPods.a"; sourceTree = "<group>"; };
		FAAF7F4E19146E2000D1FE4C /* libz.1.2.5.dylib */ = {isa = PBXFileReference; lastKnownFileType = "compiled.mach-o.dylib"; name = libz.1.2.5.dylib; path = usr/lib/libz.1.2.5.dylib; sourceTree = SDKROOT; };
		FAAF7F5019146F7700D1FE4C /* libz.dylib */ = {isa = PBXFileReference; lastKnownFileType = "compiled.mach-o.dylib"; name = libz.dylib; path = usr/lib/libz.dylib; sourceTree = SDKROOT; };
		FADB489B177177C50016B36F /* SnowShoe.h */ = {isa = PBXFileReference; lastKnownFileType = sourcecode.c.h; name = SnowShoe.h; path = SnowShoe/SnowShoe.h; sourceTree = "<group>"; };
		FADB489C177177C50016B36F /* SnowShoe.m */ = {isa = PBXFileReference; lastKnownFileType = sourcecode.c.objc; name = SnowShoe.m; path = SnowShoe/SnowShoe.m; sourceTree = "<group>"; };
		FADB489D177177C50016B36F /* SnowShoe.xib */ = {isa = PBXFileReference; lastKnownFileType = file.xib; name = SnowShoe.xib; path = SnowShoe/SnowShoe.xib; sourceTree = "<group>"; };
		FADB489E177177C50016B36F /* stamp.png */ = {isa = PBXFileReference; lastKnownFileType = image.png; name = stamp.png; path = SnowShoe/stamp.png; sourceTree = "<group>"; };
/* End PBXFileReference section */

/* Begin PBXFrameworksBuildPhase section */
		FAAE21D815F92FEA001ECDA1 /* Frameworks */ = {
			isa = PBXFrameworksBuildPhase;
			buildActionMask = 2147483647;
			files = (
				FAAF7F5119146F7700D1FE4C /* libz.dylib in Frameworks */,
				FAAE21E015F92FEA001ECDA1 /* UIKit.framework in Frameworks */,
				FAAE21E215F92FEA001ECDA1 /* Foundation.framework in Frameworks */,
				FAAE21E415F92FEA001ECDA1 /* CoreGraphics.framework in Frameworks */,
				71743F9267A14522851EB5A0 /* libPods.a in Frameworks */,
			);
			runOnlyForDeploymentPostprocessing = 0;
		};
/* End PBXFrameworksBuildPhase section */

/* Begin PBXGroup section */
		FAAE21D015F92FEA001ECDA1 = {
			isa = PBXGroup;
			children = (
				FAAE21FF15F92FF4001ECDA1 /* SnowShoe */,
				FAAE21E515F92FEA001ECDA1 /* SimpleExample */,
				FAAE21DE15F92FEA001ECDA1 /* Frameworks */,
				FAAE21DC15F92FEA001ECDA1 /* Products */,
				9ED1C0D12CFB458DA6A09FF5 /* Pods.xcconfig */,
			);
			sourceTree = "<group>";
		};
		FAAE21DC15F92FEA001ECDA1 /* Products */ = {
			isa = PBXGroup;
			children = (
				FAAE21DB15F92FEA001ECDA1 /* SimpleExample.app */,
			);
			name = Products;
			sourceTree = "<group>";
		};
		FAAE21DE15F92FEA001ECDA1 /* Frameworks */ = {
			isa = PBXGroup;
			children = (
				FAAF7F5019146F7700D1FE4C /* libz.dylib */,
				FAAF7F4E19146E2000D1FE4C /* libz.1.2.5.dylib */,
				FAAF7F4C19146E0B00D1FE4C /* libPods.a */,
				FAAF7F4A19146E0500D1FE4C /* libPods-gtm-oauth.a */,
				FAAE21DF15F92FEA001ECDA1 /* UIKit.framework */,
				FAAE21E115F92FEA001ECDA1 /* Foundation.framework */,
				FAAE21E315F92FEA001ECDA1 /* CoreGraphics.framework */,
				F738D0E9E5974AFBAD644AE2 /* libPods.a */,
			);
			name = Frameworks;
			sourceTree = "<group>";
		};
		FAAE21E515F92FEA001ECDA1 /* SimpleExample */ = {
			isa = PBXGroup;
			children = (
				FA11CFC5160D0F2500784223 /* Default-568h@2x.png */,
				FAAE21EE15F92FEA001ECDA1 /* AppDelegate.h */,
				FAAE21EF15F92FEA001ECDA1 /* AppDelegate.m */,
				FAAE21F115F92FEA001ECDA1 /* ViewController.h */,
				FAAE21F215F92FEA001ECDA1 /* ViewController.m */,
				FAAE21F415F92FEA001ECDA1 /* ViewController_iPhone.xib */,
				FAAE21F715F92FEA001ECDA1 /* ViewController_iPad.xib */,
				FAAE21E615F92FEA001ECDA1 /* Supporting Files */,
			);
			path = SimpleExample;
			sourceTree = "<group>";
		};
		FAAE21E615F92FEA001ECDA1 /* Supporting Files */ = {
			isa = PBXGroup;
			children = (
				FAAE21E715F92FEA001ECDA1 /* SimpleExample-Info.plist */,
				FAAE21E815F92FEA001ECDA1 /* InfoPlist.strings */,
				FAAE21EB15F92FEA001ECDA1 /* main.m */,
				FAAE21ED15F92FEA001ECDA1 /* SimpleExample-Prefix.pch */,
			);
			name = "Supporting Files";
			sourceTree = "<group>";
		};
		FAAE21FF15F92FF4001ECDA1 /* SnowShoe */ = {
			isa = PBXGroup;
			children = (
				FADB489B177177C50016B36F /* SnowShoe.h */,
				FADB489C177177C50016B36F /* SnowShoe.m */,
				FADB489D177177C50016B36F /* SnowShoe.xib */,
				FADB489E177177C50016B36F /* stamp.png */,
			);
			name = SnowShoe;
			sourceTree = "<group>";
		};
/* End PBXGroup section */

/* Begin PBXNativeTarget section */
		FAAE21DA15F92FEA001ECDA1 /* SimpleExample */ = {
			isa = PBXNativeTarget;
			buildConfigurationList = FAAE21FC15F92FEB001ECDA1 /* Build configuration list for PBXNativeTarget "SimpleExample" */;
			buildPhases = (
				E00BD5B42F03492BB54637EA /* Check Pods Manifest.lock */,
				FAAE21D715F92FEA001ECDA1 /* Sources */,
				FAAE21D815F92FEA001ECDA1 /* Frameworks */,
				FAAE21D915F92FEA001ECDA1 /* Resources */,
				CE762355221C4E57B1A7BB28 /* Copy Pods Resources */,
			);
			buildRules = (
			);
			dependencies = (
			);
			name = SimpleExample;
			productName = SimpleExample;
			productReference = FAAE21DB15F92FEA001ECDA1 /* SimpleExample.app */;
			productType = "com.apple.product-type.application";
		};
/* End PBXNativeTarget section */

/* Begin PBXProject section */
		FAAE21D215F92FEA001ECDA1 /* Project object */ = {
			isa = PBXProject;
			attributes = {
				LastUpgradeCheck = 0510;
				ORGANIZATIONNAME = "Matt Luedke";
			};
			buildConfigurationList = FAAE21D515F92FEA001ECDA1 /* Build configuration list for PBXProject "SimpleExample" */;
			compatibilityVersion = "Xcode 3.2";
			developmentRegion = English;
			hasScannedForEncodings = 0;
			knownRegions = (
				en,
			);
			mainGroup = FAAE21D015F92FEA001ECDA1;
			productRefGroup = FAAE21DC15F92FEA001ECDA1 /* Products */;
			projectDirPath = "";
			projectRoot = "";
			targets = (
				FAAE21DA15F92FEA001ECDA1 /* SimpleExample */,
			);
		};
/* End PBXProject section */

/* Begin PBXResourcesBuildPhase section */
		FAAE21D915F92FEA001ECDA1 /* Resources */ = {
			isa = PBXResourcesBuildPhase;
			buildActionMask = 2147483647;
			files = (
				FADB48A2177177E50016B36F /* SnowShoe.xib in Resources */,
				FADB48A3177177E50016B36F /* stamp.png in Resources */,
				FAAE21EA15F92FEA001ECDA1 /* InfoPlist.strings in Resources */,
				FAAE21F615F92FEA001ECDA1 /* ViewController_iPhone.xib in Resources */,
				FAAE21F915F92FEB001ECDA1 /* ViewController_iPad.xib in Resources */,
				FA11CFC6160D0F2500784223 /* Default-568h@2x.png in Resources */,
			);
			runOnlyForDeploymentPostprocessing = 0;
		};
/* End PBXResourcesBuildPhase section */

/* Begin PBXShellScriptBuildPhase section */
		CE762355221C4E57B1A7BB28 /* Copy Pods Resources */ = {
			isa = PBXShellScriptBuildPhase;
			buildActionMask = 2147483647;
			files = (
			);
			inputPaths = (
			);
			name = "Copy Pods Resources";
			outputPaths = (
			);
			runOnlyForDeploymentPostprocessing = 0;
			shellPath = /bin/sh;
			shellScript = "\"${SRCROOT}/Pods/Pods-resources.sh\"\n";
			showEnvVarsInLog = 0;
		};
		E00BD5B42F03492BB54637EA /* Check Pods Manifest.lock */ = {
			isa = PBXShellScriptBuildPhase;
			buildActionMask = 2147483647;
			files = (
			);
			inputPaths = (
			);
			name = "Check Pods Manifest.lock";
			outputPaths = (
			);
			runOnlyForDeploymentPostprocessing = 0;
			shellPath = /bin/sh;
			shellScript = "diff \"${PODS_ROOT}/../Podfile.lock\" \"${PODS_ROOT}/Manifest.lock\" > /dev/null\nif [[ $? != 0 ]] ; then\n    cat << EOM\nerror: The sandbox is not in sync with the Podfile.lock. Run 'pod install' or update your CocoaPods installation.\nEOM\n    exit 1\nfi\n";
			showEnvVarsInLog = 0;
		};
/* End PBXShellScriptBuildPhase section */

/* Begin PBXSourcesBuildPhase section */
		FAAE21D715F92FEA001ECDA1 /* Sources */ = {
			isa = PBXSourcesBuildPhase;
			buildActionMask = 2147483647;
			files = (
				FADB48A1177177DD0016B36F /* SnowShoe.m in Sources */,
				FAAE21EC15F92FEA001ECDA1 /* main.m in Sources */,
				FAAE21F015F92FEA001ECDA1 /* AppDelegate.m in Sources */,
				FAAE21F315F92FEA001ECDA1 /* ViewController.m in Sources */,
			);
			runOnlyForDeploymentPostprocessing = 0;
		};
/* End PBXSourcesBuildPhase section */

/* Begin PBXVariantGroup section */
		FAAE21E815F92FEA001ECDA1 /* InfoPlist.strings */ = {
			isa = PBXVariantGroup;
			children = (
				FAAE21E915F92FEA001ECDA1 /* en */,
			);
			name = InfoPlist.strings;
			sourceTree = "<group>";
		};
		FAAE21F415F92FEA001ECDA1 /* ViewController_iPhone.xib */ = {
			isa = PBXVariantGroup;
			children = (
				FAAE21F515F92FEA001ECDA1 /* en */,
			);
			name = ViewController_iPhone.xib;
			sourceTree = "<group>";
		};
		FAAE21F715F92FEA001ECDA1 /* ViewController_iPad.xib */ = {
			isa = PBXVariantGroup;
			children = (
				FAAE21F815F92FEB001ECDA1 /* en */,
			);
			name = ViewController_iPad.xib;
			sourceTree = "<group>";
		};
/* End PBXVariantGroup section */

/* Begin XCBuildConfiguration section */
		FAAE21FA15F92FEB001ECDA1 /* Debug */ = {
			isa = XCBuildConfiguration;
			buildSettings = {
				ALWAYS_SEARCH_USER_PATHS = NO;
				CLANG_CXX_LANGUAGE_STANDARD = "gnu++0x";
				CLANG_ENABLE_OBJC_ARC = YES;
				CLANG_WARN_BOOL_CONVERSION = YES;
				CLANG_WARN_CONSTANT_CONVERSION = YES;
				CLANG_WARN_EMPTY_BODY = YES;
				CLANG_WARN_ENUM_CONVERSION = YES;
				CLANG_WARN_INT_CONVERSION = YES;
				CLANG_WARN__DUPLICATE_METHOD_MATCH = YES;
				"CODE_SIGN_IDENTITY[sdk=iphoneos*]" = "iPhone Developer";
				COPY_PHASE_STRIP = NO;
				GCC_C_LANGUAGE_STANDARD = gnu99;
				GCC_DYNAMIC_NO_PIC = NO;
				GCC_OPTIMIZATION_LEVEL = 0;
				GCC_PREPROCESSOR_DEFINITIONS = (
					"DEBUG=1",
					"$(inherited)",
				);
				GCC_SYMBOLS_PRIVATE_EXTERN = NO;
				GCC_VERSION = com.apple.compilers.llvm.clang.1_0;
				GCC_WARN_64_TO_32_BIT_CONVERSION = YES;
				GCC_WARN_ABOUT_RETURN_TYPE = YES;
				GCC_WARN_UNDECLARED_SELECTOR = YES;
				GCC_WARN_UNINITIALIZED_AUTOS = YES;
				GCC_WARN_UNUSED_FUNCTION = YES;
				GCC_WARN_UNUSED_VARIABLE = YES;
				IPHONEOS_DEPLOYMENT_TARGET = 5.1;
				ONLY_ACTIVE_ARCH = YES;
				SDKROOT = iphoneos;
				TARGETED_DEVICE_FAMILY = "1,2";
			};
			name = Debug;
		};
		FAAE21FB15F92FEB001ECDA1 /* Release */ = {
			isa = XCBuildConfiguration;
			buildSettings = {
				ALWAYS_SEARCH_USER_PATHS = NO;
				CLANG_CXX_LANGUAGE_STANDARD = "gnu++0x";
				CLANG_ENABLE_OBJC_ARC = YES;
				CLANG_WARN_BOOL_CONVERSION = YES;
				CLANG_WARN_CONSTANT_CONVERSION = YES;
				CLANG_WARN_EMPTY_BODY = YES;
				CLANG_WARN_ENUM_CONVERSION = YES;
				CLANG_WARN_INT_CONVERSION = YES;
				CLANG_WARN__DUPLICATE_METHOD_MATCH = YES;
				"CODE_SIGN_IDENTITY[sdk=iphoneos*]" = "iPhone Developer";
				COPY_PHASE_STRIP = YES;
				GCC_C_LANGUAGE_STANDARD = gnu99;
				GCC_VERSION = com.apple.compilers.llvm.clang.1_0;
				GCC_WARN_64_TO_32_BIT_CONVERSION = YES;
				GCC_WARN_ABOUT_RETURN_TYPE = YES;
				GCC_WARN_UNDECLARED_SELECTOR = YES;
				GCC_WARN_UNINITIALIZED_AUTOS = YES;
				GCC_WARN_UNUSED_FUNCTION = YES;
				GCC_WARN_UNUSED_VARIABLE = YES;
				IPHONEOS_DEPLOYMENT_TARGET = 5.1;
				OTHER_CFLAGS = "-DNS_BLOCK_ASSERTIONS=1";
				SDKROOT = iphoneos;
				TARGETED_DEVICE_FAMILY = "1,2";
				VALIDATE_PRODUCT = YES;
			};
			name = Release;
		};
		FAAE21FD15F92FEB001ECDA1 /* Debug */ = {
			isa = XCBuildConfiguration;
			baseConfigurationReference = 9ED1C0D12CFB458DA6A09FF5 /* Pods.xcconfig */;
			buildSettings = {
				GCC_PRECOMPILE_PREFIX_HEADER = YES;
				GCC_PREFIX_HEADER = "SimpleExample/SimpleExample-Prefix.pch";
				INFOPLIST_FILE = "SimpleExample/SimpleExample-Info.plist";
				IPHONEOS_DEPLOYMENT_TARGET = 5.1.1;
				LIBRARY_SEARCH_PATHS = (
					"$(inherited)",
					"$(SRCROOT)",
					"$(PROJECT_DIR)/Pods/build/Debug-iphoneos",
				);
				PRODUCT_NAME = "$(TARGET_NAME)";
				TARGETED_DEVICE_FAMILY = 1;
				WRAPPER_EXTENSION = app;
			};
			name = Debug;
		};
		FAAE21FE15F92FEB001ECDA1 /* Release */ = {
			isa = XCBuildConfiguration;
			baseConfigurationReference = 9ED1C0D12CFB458DA6A09FF5 /* Pods.xcconfig */;
			buildSettings = {
				GCC_PRECOMPILE_PREFIX_HEADER = YES;
				GCC_PREFIX_HEADER = "SimpleExample/SimpleExample-Prefix.pch";
				INFOPLIST_FILE = "SimpleExample/SimpleExample-Info.plist";
				IPHONEOS_DEPLOYMENT_TARGET = 5.1.1;
				LIBRARY_SEARCH_PATHS = (
					"$(inherited)",
					"$(SRCROOT)",
					"$(PROJECT_DIR)/Pods/build/Debug-iphoneos",
				);
				PRODUCT_NAME = "$(TARGET_NAME)";
				TARGETED_DEVICE_FAMILY = 1;
				WRAPPER_EXTENSION = app;
			};
			name = Release;
		};
/* End XCBuildConfiguration section */

/* Begin XCConfigurationList section */
		FAAE21D515F92FEA001ECDA1 /* Build configuration list for PBXProject "SimpleExample" */ = {
			isa = XCConfigurationList;
			buildConfigurations = (
				FAAE21FA15F92FEB001ECDA1 /* Debug */,
				FAAE21FB15F92FEB001ECDA1 /* Release */,
			);
			defaultConfigurationIsVisible = 0;
			defaultConfigurationName = Release;
		};
		FAAE21FC15F92FEB001ECDA1 /* Build configuration list for PBXNativeTarget "SimpleExample" */ = {
			isa = XCConfigurationList;
			buildConfigurations = (
				FAAE21FD15F92FEB001ECDA1 /* Debug */,
				FAAE21FE15F92FEB001ECDA1 /* Release */,
			);
			defaultConfigurationIsVisible = 0;
			defaultConfigurationName = Release;
		};
/* End XCConfigurationList section */
	};
	rootObject = FAAE21D215F92FEA001ECDA1 /* Project object */;
}
